version = 1
revision = 3
requires-python = ">=3.13"

[[package]]
name = "autograde"
version = "0.1.0"
source = { editable = "." }

[package.dev-dependencies]
dev = [
    { name = "hatchling" },
]

[package.metadata]

[package.metadata.requires-dev]
dev = [{ name = "hatchling", specifier = ">=1.29.0" }]

[[package]]
name = "hatchling"
version = "1.29.0"
source = { registry = "https://pypi.org/simple" }
dependencies = [
    { name = "packaging" },
    { name = "pathspec" },
    { name = "pluggy" },
    { name = "trove-classifiers" },
]
sdist = { url = "https://files.pythonhosted.org/packages/cf/9c/b4cfe330cd4f49cff17fd771154730555fa4123beb7f292cf0098b4e6c20/hatchling-1.29.0.tar.gz", hash = "sha256:793c31816d952cee405b83488ce001c719f325d9cda69f1fc4cd750527640ea6", size = 55656, upload-time = "2026-02-23T19:42:06.539Z" }
wheels = [
    { url = "https://files.pythonhosted.org/packages/d3/8a/44032265776062a89171285ede55a0bdaadc8ac00f27f0512a71a9e3e1c8/hatchling-1.29.0-py3-none-any.whl", hash = "sha256:50af9343281f34785fab12da82e445ed987a6efb34fd8c2fc0f6e6630dbcc1b0", size = 76356, upload-time = "2026-02-23T19:42:05.197Z" },
]

[[package]]
name = "packaging"
version = "26.2"
source = { registry = "https://pypi.org/simple" }
sdist = { url = "https://files.pythonhosted.org/packages/d7/f1/e7a6dd94a8d4a5626c03e4e99c87f241ba9e350cd9e6d75123f992427270/packaging-26.2.tar.gz", hash = "sha256:ff452ff5a3e828ce110190feff1178bb1f2ea2281fa2075aadb987c2fb221661", size = 228134, upload-time = "2026-04-24T20:15:23.917Z" }
wheels = [
    { url = "https://files.pythonhosted.org/packages/df/b2/87e62e8c3e2f4b32e5fe99e0b86d576da1312593b39f47d8ceef365e95ed/packaging-26.2-py3-none-any.whl", hash = "sha256:5fc45236b9446107ff2415ce77c807cee2862cb6fac22b8a73826d0693b0980e", size = 100195, upload-time = "2026-04-24T20:15:22.081Z" },
]

[[package]]
name = "pathspec"
version = "1.1.1"
source = { registry = "https://pypi.org/simple" }
sdist = { url = "https://files.pythonhosted.org/packages/5a/82/42f767fc1c1143d6fd36efb827202a2d997a375e160a71eb2888a925aac1/pathspec-1.1.1.tar.gz", hash = "sha256:17db5ecd524104a120e173814c90367a96a98d07c45b2e10c2f3919fff91bf5a", size = 135180, upload-time = "2026-04-27T01:46:08.907Z" }
wheels = [
    { url = "https://files.pythonhosted.org/packages/f1/d9/7fb5aa316bc299258e68c73ba3bddbc499654a07f151cba08f6153988714/pathspec-1.1.1-py3-none-any.whl", hash = "sha256:a00ce642f577bf7f473932318056212bc4f8bfdf53128c78bbd5af0b9b20b189", size = 57328, upload-time = "2026-04-27T01:46:07.06Z" },
]

[[package]]
name = "pluggy"
version = "1.6.0"
source = { registry = "https://pypi.org/simple" }
sdist = { url = "https://files.pythonhosted.org/packages/f9/e2/3e91f31a7d2b083fe6ef3fa267035b518369d9511ffab804f839851d2779/pluggy-1.6.0.tar.gz", hash = "sha256:7dcc130b76258d33b90f61b658791dede3486c3e6bfb003ee5c9bfb396dd22f3", size = 69412, upload-time = "2025-05-15T12:30:07.975Z" }
wheels = [
    { url = "https://files.pythonhosted.org/packages/54/20/4d324d65cc6d9205fabedc306948156824eb9f0ee1633355a8f7ec5c66bf/pluggy-1.6.0-py3-none-any.whl", hash = "sha256:e920276dd6813095e9377c0bc5566d94c932c33b27a3e3945d8389c374dd4746", size = 20538, upload-time = "2025-05-15T12:30:06.134Z" },
]

[[package]]
name = "trove-classifiers"
version = "2026.5.7.17"
source = { registry = "https://pypi.org/simple" }
sdist = { url = "https://files.pythonhosted.org/packages/35/68/175e7c07c5be13200387d5c0995b0da1e198e360047c08eb17d1002fcd92/trove_classifiers-2026.5.7.17.tar.gz", hash = "sha256:a04a48f8f0a787cb996514d3969ac7608aa3c60cb15d073c1e02801e60533e80", size = 17041, upload-time = "2026-05-07T17:48:01.931Z" }
wheels = [
    { url = "https://files.pythonhosted.org/packages/7b/e3/d81b065a2d866a33a541ac63a2a4cc5737e03ce2379ac3191c98bb8867e3/trove_classifiers-2026.5.7.17-py3-none-any.whl", hash = "sha256:5ec0800de5e2ddbd7c663cb4c0c15328f132dc168813897c18866c5c7b93db33", size = 14201, upload-time = "2026-05-07T17:48:00.488Z" },
]
